
Microsoft Visual Studio Solution File, Format Version 12.00
# Visual Studio Version 16
VisualStudioVersion = 16.0.30225.117
MinimumVisualStudioVersion = 10.0.40219.1
Project("{9A19103F-16F7-4668-BE54-9A1E7A4F7556}") = "PetalCrashSharpLib", "PetalCrashSharpLib\PetalCrashSharpLib.csproj", "{EC5B8AEB-BE7C-4A6D-9382-5FE4D8423C45}"
EndProject
Project("{9A19103F-16F7-4668-BE54-9A1E7A4F7556}") = "PetalCrashSharpConsole", "PetalCrashSharpConsole\PetalCrashSharpConsole.csproj", "{A3696200-9438-4AEE-8E85-4C63A238CB5E}"
EndProject
Global
	GlobalSection(SolutionConfigurationPlatforms) = preSolution
		Debug|Any CPU = Debug|Any CPU
		Release|Any CPU = Release|Any CPU
	EndGlobalSection
	GlobalSection(ProjectConfigurationPlatforms) = postSolution
		{EC5B8AEB-BE7C-4A6D-9382-5FE4D8423C45}.Debug|Any CPU.ActiveCfg = Debug|Any CPU
		{EC5B8AEB-BE7C-4A6D-9382-5FE4D8423C45}.Debug|Any CPU.Build.0 = Debug|Any CPU
		{EC5B8AEB-BE7C-4A6D-9382-5FE4D8423C45}.Release|Any CPU.ActiveCfg = Release|Any CPU
		{EC5B8AEB-BE7C-4A6D-9382-5FE4D8423C45}.Release|Any CPU.Build.0 = Release|Any CPU
		{A3696200-9438-4AEE-8E85-4C63A238CB5E}.Debug|Any CPU.ActiveCfg = Debug|Any CPU
		{A3696200-9438-4AEE-8E85-4C63A238CB5E}.Debug|Any CPU.Build.0 = Debug|Any CPU
		{A3696200-9438-4AEE-8E85-4C63A238CB5E}.Release|Any CPU.ActiveCfg = Release|Any CPU
		{A3696200-9438-4AEE-8E85-4C63A238CB5E}.Release|Any CPU.Build.0 = Release|Any CPU
	EndGlobalSection
	GlobalSection(SolutionProperties) = preSolution
		HideSolutionNode = FALSE
	EndGlobalSection
	GlobalSection(ExtensibilityGlobals) = postSolution
		SolutionGuid = {4AF0F95F-9991-4B6C-88A2-EDA244A2DFC1}
	EndGlobalSection
EndGlobal
